// !$*UTF8*$!
{
	archiveVersion = 1;
	classes = {
	};
	objectVersion = 54;
	objects = {

/* Begin PBXBuildFile section */
		444EEE0B26B167EF00454428 /* LocalNotification.swift in Sources */ = {isa = PBXBuildFile; fileRef = 444EEE0A26B167EF00454428 /* LocalNotification.swift */; };
		4456C9B1269D4E8400A29B77 /* AppDelegate.swift in Sources */ = {isa = PBXBuildFile; fileRef = 4456C9B0269D4E8400A29B77 /* AppDelegate.swift */; };
		4456C9B3269D4E8400A29B77 /* SceneDelegate.swift in Sources */ = {isa = PBXBuildFile; fileRef = 4456C9B2269D4E8400A29B77 /* SceneDelegate.swift */; };
		4456C9B5269D4E8400A29B77 /* MainViewController.swift in Sources */ = {isa = PBXBuildFile; fileRef = 4456C9B4269D4E8400A29B77 /* MainViewController.swift */; };
		4456C9BB269D4E8400A29B77 /* DiffuserStick.xcdatamodeld in Sources */ = {isa = PBXBuildFile; fileRef = 4456C9B9269D4E8400A29B77 /* DiffuserStick.xcdatamodeld */; };
		4456C9BD269D4E8500A29B77 /* Assets.xcassets in Resources */ = {isa = PBXBuildFile; fileRef = 4456C9BC269D4E8500A29B77 /* Assets.xcassets */; };
		4456C9CA269D534200A29B77 /* ActiveListViewController.swift in Sources */ = {isa = PBXBuildFile; fileRef = 4456C9C9269D534200A29B77 /* ActiveListViewController.swift */; };
		447A45D8269DC0A0009C4B47 /* DiffuserVO.swift in Sources */ = {isa = PBXBuildFile; fileRef = 447A45D7269DC0A0009C4B47 /* DiffuserVO.swift */; };
		448784A62B8F6EB70073B2DE /* Main.storyboard in Resources */ = {isa = PBXBuildFile; fileRef = 448784A82B8F6EB70073B2DE /* Main.storyboard */; };
		448784A92B8F6EC30073B2DE /* LaunchScreen.storyboard in Resources */ = {isa = PBXBuildFile; fileRef = 448784AB2B8F6EC30073B2DE /* LaunchScreen.storyboard */; };
		448784AD2B8F8C970073B2DE /* TableCollectionViewUtil.swift in Sources */ = {isa = PBXBuildFile; fileRef = 448784AC2B8F8C970073B2DE /* TableCollectionViewUtil.swift */; };
		44BB07762B8F665500F57C4B /* IAPHelper.swift in Sources */ = {isa = PBXBuildFile; fileRef = 44BB07752B8F665500F57C4B /* IAPHelper.swift */; };
		44BD7D072B8F639E00818570 /* GoogleMobileAds in Frameworks */ = {isa = PBXBuildFile; productRef = 44BD7D062B8F639E00818570 /* GoogleMobileAds */; };
		44E868FD26A80A59008B2D62 /* fontawesome-webfont.ttf in Resources */ = {isa = PBXBuildFile; fileRef = 44E868FC26A80A3A008B2D62 /* fontawesome-webfont.ttf */; };
		44E8690226A9423F008B2D62 /* help.html in Resources */ = {isa = PBXBuildFile; fileRef = 44E8690126A9423F008B2D62 /* help.html */; };
		44E8690426A948C2008B2D62 /* ArchiveViewController.swift in Sources */ = {isa = PBXBuildFile; fileRef = 44E8690326A948C2008B2D62 /* ArchiveViewController.swift */; };
		44FDCFBE269E96DA00A7A7FD /* DiffuserDetailViewController.swift in Sources */ = {isa = PBXBuildFile; fileRef = 44FDCFBD269E96DA00A7A7FD /* DiffuserDetailViewController.swift */; };
		44FDCFC0269EA7F300A7A7FD /* testprops.plist in Resources */ = {isa = PBXBuildFile; fileRef = 44FDCFBF269EA7F300A7A7FD /* testprops.plist */; };
		44FDCFC2269EA8B300A7A7FD /* ParsePlist.swift in Sources */ = {isa = PBXBuildFile; fileRef = 44FDCFC1269EA8B300A7A7FD /* ParsePlist.swift */; };
		44FDCFC5269F1C3B00A7A7FD /* DiffuserAddViewController.swift in Sources */ = {isa = PBXBuildFile; fileRef = 44FDCFC4269F1C3B00A7A7FD /* DiffuserAddViewController.swift */; };
		44FDCFC9269FCEF900A7A7FD /* SettingViewController.swift in Sources */ = {isa = PBXBuildFile; fileRef = 44FDCFC8269FCEF900A7A7FD /* SettingViewController.swift */; };
		44FDCFCC269FEC9700A7A7FD /* AlertUtil.swift in Sources */ = {isa = PBXBuildFile; fileRef = 44FDCFCB269FEC9700A7A7FD /* AlertUtil.swift */; };
		44FDCFCE269FEF7F00A7A7FD /* FileUtil.swift in Sources */ = {isa = PBXBuildFile; fileRef = 44FDCFCD269FEF7F00A7A7FD /* FileUtil.swift */; };
		44FDCFD026A070BB00A7A7FD /* CalendarExtension.swift in Sources */ = {isa = PBXBuildFile; fileRef = 44FDCFCF26A070BB00A7A7FD /* CalendarExtension.swift */; };
		44FDCFD226A1419100A7A7FD /* UIExtension.swift in Sources */ = {isa = PBXBuildFile; fileRef = 44FDCFD126A1419000A7A7FD /* UIExtension.swift */; };
		44FDCFD826A1BFC200A7A7FD /* CoreData.swift in Sources */ = {isa = PBXBuildFile; fileRef = 44FDCFD726A1BFC200A7A7FD /* CoreData.swift */; };
/* End PBXBuildFile section */

/* Begin PBXFileReference section */
		444EEE0A26B167EF00454428 /* LocalNotification.swift */ = {isa = PBXFileReference; lastKnownFileType = sourcecode.swift; path = LocalNotification.swift; sourceTree = "<group>"; };
		4456C9B0269D4E8400A29B77 /* AppDelegate.swift */ = {isa = PBXFileReference; lastKnownFileType = sourcecode.swift; path = AppDelegate.swift; sourceTree = "<group>"; };
		4456C9B2269D4E8400A29B77 /* SceneDelegate.swift */ = {isa = PBXFileReference; lastKnownFileType = sourcecode.swift; path = SceneDelegate.swift; sourceTree = "<group>"; };
		4456C9B4269D4E8400A29B77 /* MainViewController.swift */ = {isa = PBXFileReference; lastKnownFileType = sourcecode.swift; path = MainViewController.swift; sourceTree = "<group>"; };
		4456C9BA269D4E8400A29B77 /* DiffuserStick.xcdatamodel */ = {isa = PBXFileReference; lastKnownFileType = wrapper.xcdatamodel; path = DiffuserStick.xcdatamodel; sourceTree = "<group>"; };
		4456C9BC269D4E8500A29B77 /* Assets.xcassets */ = {isa = PBXFileReference; lastKnownFileType = folder.assetcatalog; path = Assets.xcassets; sourceTree = "<group>"; };
		4456C9C1269D4E8500A29B77 /* Info.plist */ = {isa = PBXFileReference; lastKnownFileType = text.plist.xml; path = Info.plist; sourceTree = "<group>"; };
		4456C9C9269D534200A29B77 /* ActiveListViewController.swift */ = {isa = PBXFileReference; lastKnownFileType = sourcecode.swift; path = ActiveListViewController.swift; sourceTree = "<group>"; };
		447A45D7269DC0A0009C4B47 /* DiffuserVO.swift */ = {isa = PBXFileReference; lastKnownFileType = sourcecode.swift; path = DiffuserVO.swift; sourceTree = "<group>"; };
		448784AC2B8F8C970073B2DE /* TableCollectionViewUtil.swift */ = {isa = PBXFileReference; lastKnownFileType = sourcecode.swift; path = TableCollectionViewUtil.swift; sourceTree = "<group>"; };
		448784AE2B8F94D60073B2DE /* Base */ = {isa = PBXFileReference; lastKnownFileType = file.storyboard; name = Base; path = Base.lproj/LaunchScreen.storyboard; sourceTree = "<group>"; };
		448784AF2B8F94D60073B2DE /* Base */ = {isa = PBXFileReference; lastKnownFileType = file.storyboard; name = Base; path = Base.lproj/Main.storyboard; sourceTree = "<group>"; };
		44B8B2252B8F6DD000FFD0E0 /* DiffuserStick.app */ = {isa = PBXFileReference; explicitFileType = wrapper.application; includeInIndex = 0; path = DiffuserStick.app; sourceTree = BUILT_PRODUCTS_DIR; };
		44BB07752B8F665500F57C4B /* IAPHelper.swift */ = {isa = PBXFileReference; lastKnownFileType = sourcecode.swift; path = IAPHelper.swift; sourceTree = "<group>"; };
		44E868FC26A80A3A008B2D62 /* fontawesome-webfont.ttf */ = {isa = PBXFileReference; lastKnownFileType = file; path = "fontawesome-webfont.ttf"; sourceTree = "<group>"; };
		44E8690126A9423F008B2D62 /* help.html */ = {isa = PBXFileReference; lastKnownFileType = text.html; path = help.html; sourceTree = "<group>"; };
		44E8690326A948C2008B2D62 /* ArchiveViewController.swift */ = {isa = PBXFileReference; lastKnownFileType = sourcecode.swift; path = ArchiveViewController.swift; sourceTree = "<group>"; };
		44FDCFBD269E96DA00A7A7FD /* DiffuserDetailViewController.swift */ = {isa = PBXFileReference; lastKnownFileType = sourcecode.swift; path = DiffuserDetailViewController.swift; sourceTree = "<group>"; };
		44FDCFBF269EA7F300A7A7FD /* testprops.plist */ = {isa = PBXFileReference; lastKnownFileType = text.plist.xml; path = testprops.plist; sourceTree = "<group>"; };
		44FDCFC1269EA8B300A7A7FD /* ParsePlist.swift */ = {isa = PBXFileReference; lastKnownFileType = sourcecode.swift; path = ParsePlist.swift; sourceTree = "<group>"; };
		44FDCFC4269F1C3B00A7A7FD /* DiffuserAddViewController.swift */ = {isa = PBXFileReference; lastKnownFileType = sourcecode.swift; path = DiffuserAddViewController.swift; sourceTree = "<group>"; };
		44FDCFC8269FCEF900A7A7FD /* SettingViewController.swift */ = {isa = PBXFileReference; lastKnownFileType = sourcecode.swift; path = SettingViewController.swift; sourceTree = "<group>"; };
		44FDCFCB269FEC9700A7A7FD /* AlertUtil.swift */ = {isa = PBXFileReference; lastKnownFileType = sourcecode.swift; path = AlertUtil.swift; sourceTree = "<group>"; };
		44FDCFCD269FEF7F00A7A7FD /* FileUtil.swift */ = {isa = PBXFileReference; lastKnownFileType = sourcecode.swift; path = FileUtil.swift; sourceTree = "<group>"; };
		44FDCFCF26A070BB00A7A7FD /* CalendarExtension.swift */ = {isa = PBXFileReference; lastKnownFileType = sourcecode.swift; path = CalendarExtension.swift; sourceTree = "<group>"; };
		44FDCFD126A1419000A7A7FD /* UIExtension.swift */ = {isa = PBXFileReference; lastKnownFileType = sourcecode.swift; path = UIExtension.swift; sourceTree = "<group>"; };
		44FDCFD726A1BFC200A7A7FD /* CoreData.swift */ = {isa = PBXFileReference; lastKnownFileType = sourcecode.swift; path = CoreData.swift; sourceTree = "<group>"; };
/* End PBXFileReference section */

/* Begin PBXFrameworksBuildPhase section */
		4456C9AA269D4E8400A29B77 /* Frameworks */ = {
			isa = PBXFrameworksBuildPhase;
			buildActionMask = 2147483647;
			files = (
				44BD7D072B8F639E00818570 /* GoogleMobileAds in Frameworks */,
			);
			runOnlyForDeploymentPostprocessing = 0;
		};
/* End PBXFrameworksBuildPhase section */

/* Begin PBXGroup section */
		4456C9A4269D4E8400A29B77 = {
			isa = PBXGroup;
			children = (
				4456C9AF269D4E8400A29B77 /* DiffuserStick */,
				44B8B2252B8F6DD000FFD0E0 /* DiffuserStick.app */,
			);
			sourceTree = "<group>";
		};
		4456C9AF269D4E8400A29B77 /* DiffuserStick */ = {
			isa = PBXGroup;
			children = (
				44BB07742B8F664B00F57C4B /* IAP */,
				44E8690026A94222008B2D62 /* website */,
				44FDCFCA269FEC8100A7A7FD /* Util */,
				44FDCFC7269FCBF800A7A7FD /* Lab */,
				44FDCFC6269FCBD800A7A7FD /* ValueObject */,
				44FDCFC3269F1C1900A7A7FD /* ViewController */,
				4456C9B0269D4E8400A29B77 /* AppDelegate.swift */,
				4456C9B2269D4E8400A29B77 /* SceneDelegate.swift */,
				448784AB2B8F6EC30073B2DE /* LaunchScreen.storyboard */,
				448784A82B8F6EB70073B2DE /* Main.storyboard */,
				4456C9BC269D4E8500A29B77 /* Assets.xcassets */,
				4456C9C1269D4E8500A29B77 /* Info.plist */,
				4456C9B9269D4E8400A29B77 /* DiffuserStick.xcdatamodeld */,
				44E868FC26A80A3A008B2D62 /* fontawesome-webfont.ttf */,
			);
			path = DiffuserStick;
			sourceTree = "<group>";
		};
		44BB07742B8F664B00F57C4B /* IAP */ = {
			isa = PBXGroup;
			children = (
				44BB07752B8F665500F57C4B /* IAPHelper.swift */,
			);
			path = IAP;
			sourceTree = "<group>";
		};
		44E8690026A94222008B2D62 /* website */ = {
			isa = PBXGroup;
			children = (
				44E8690126A9423F008B2D62 /* help.html */,
			);
			path = website;
			sourceTree = "<group>";
		};
		44FDCFC3269F1C1900A7A7FD /* ViewController */ = {
			isa = PBXGroup;
			children = (
				4456C9C9269D534200A29B77 /* ActiveListViewController.swift */,
				4456C9B4269D4E8400A29B77 /* MainViewController.swift */,
				44FDCFBD269E96DA00A7A7FD /* DiffuserDetailViewController.swift */,
				44FDCFC4269F1C3B00A7A7FD /* DiffuserAddViewController.swift */,
				44FDCFC8269FCEF900A7A7FD /* SettingViewController.swift */,
				44E8690326A948C2008B2D62 /* ArchiveViewController.swift */,
			);
			path = ViewController;
			sourceTree = "<group>";
		};
		44FDCFC6269FCBD800A7A7FD /* ValueObject */ = {
			isa = PBXGroup;
			children = (
				447A45D7269DC0A0009C4B47 /* DiffuserVO.swift */,
			);
			path = ValueObject;
			sourceTree = "<group>";
		};
		44FDCFC7269FCBF800A7A7FD /* Lab */ = {
			isa = PBXGroup;
			children = (
				44FDCFC1269EA8B300A7A7FD /* ParsePlist.swift */,
				44FDCFBF269EA7F300A7A7FD /* testprops.plist */,
			);
			path = Lab;
			sourceTree = "<group>";
		};
		44FDCFCA269FEC8100A7A7FD /* Util */ = {
			isa = PBXGroup;
			children = (
				44FDCFCB269FEC9700A7A7FD /* AlertUtil.swift */,
				44FDCFCD269FEF7F00A7A7FD /* FileUtil.swift */,
				44FDCFCF26A070BB00A7A7FD /* CalendarExtension.swift */,
				44FDCFD126A1419000A7A7FD /* UIExtension.swift */,
				44FDCFD726A1BFC200A7A7FD /* CoreData.swift */,
				444EEE0A26B167EF00454428 /* LocalNotification.swift */,
				448784AC2B8F8C970073B2DE /* TableCollectionViewUtil.swift */,
			);
			path = Util;
			sourceTree = "<group>";
		};
/* End PBXGroup section */

/* Begin PBXNativeTarget section */
		4456C9AC269D4E8400A29B77 /* DiffuserStick */ = {
			isa = PBXNativeTarget;
			buildConfigurationList = 4456C9C4269D4E8500A29B77 /* Build configuration list for PBXNativeTarget "DiffuserStick" */;
			buildPhases = (
				4456C9A9269D4E8400A29B77 /* Sources */,
				4456C9AA269D4E8400A29B77 /* Frameworks */,
				4456C9AB269D4E8400A29B77 /* Resources */,
			);
			buildRules = (
			);
			dependencies = (
			);
			name = DiffuserStick;
			packageProductDependencies = (
				44BD7D062B8F639E00818570 /* GoogleMobileAds */,
			);
			productName = DiffuserStick;
			productReference = 44B8B2252B8F6DD000FFD0E0 /* DiffuserStick.app */;
			productType = "com.apple.product-type.application";
		};
/* End PBXNativeTarget section */

/* Begin PBXProject section */
		4456C9A5269D4E8400A29B77 /* Project object */ = {
			isa = PBXProject;
			attributes = {
				LastSwiftUpdateCheck = 1250;
				LastUpgradeCheck = 1250;
				TargetAttributes = {
					4456C9AC269D4E8400A29B77 = {
						CreatedOnToolsVersion = 12.5;
					};
				};
			};
			buildConfigurationList = 4456C9A8269D4E8400A29B77 /* Build configuration list for PBXProject "DiffuserStick" */;
			compatibilityVersion = "Xcode 9.3";
			developmentRegion = ko;
			hasScannedForEncodings = 0;
			knownRegions = (
				ko,
				Base,
			);
			mainGroup = 4456C9A4269D4E8400A29B77;
			packageReferences = (
				44BD7D052B8F639E00818570 /* XCRemoteSwiftPackageReference "swift-package-manager-google-mobile-ads" */,
			);
			productRefGroup = 4456C9A4269D4E8400A29B77;
			projectDirPath = "";
			projectRoot = "";
			targets = (
				4456C9AC269D4E8400A29B77 /* DiffuserStick */,
			);
		};
/* End PBXProject section */

/* Begin PBXResourcesBuildPhase section */
		4456C9AB269D4E8400A29B77 /* Resources */ = {
			isa = PBXResourcesBuildPhase;
			buildActionMask = 2147483647;
			files = (
				44FDCFC0269EA7F300A7A7FD /* testprops.plist in Resources */,
				448784A62B8F6EB70073B2DE /* Main.storyboard in Resources */,
				44E868FD26A80A59008B2D62 /* fontawesome-webfont.ttf in Resources */,
				448784A92B8F6EC30073B2DE /* LaunchScreen.storyboard in Resources */,
				4456C9BD269D4E8500A29B77 /* Assets.xcassets in Resources */,
				44E8690226A9423F008B2D62 /* help.html in Resources */,
			);
			runOnlyForDeploymentPostprocessing = 0;
		};
/* End PBXResourcesBuildPhase section */

/* Begin PBXSourcesBuildPhase section */
		4456C9A9269D4E8400A29B77 /* Sources */ = {
			isa = PBXSourcesBuildPhase;
			buildActionMask = 2147483647;
			files = (
				447A45D8269DC0A0009C4B47 /* DiffuserVO.swift in Sources */,
				44FDCFC9269FCEF900A7A7FD /* SettingViewController.swift in Sources */,
				448784AD2B8F8C970073B2DE /* TableCollectionViewUtil.swift in Sources */,
				44E8690426A948C2008B2D62 /* ArchiveViewController.swift in Sources */,
				4456C9BB269D4E8400A29B77 /* DiffuserStick.xcdatamodeld in Sources */,
				44BB07762B8F665500F57C4B /* IAPHelper.swift in Sources */,
				44FDCFD826A1BFC200A7A7FD /* CoreData.swift in Sources */,
				44FDCFC5269F1C3B00A7A7FD /* DiffuserAddViewController.swift in Sources */,
				44FDCFCC269FEC9700A7A7FD /* AlertUtil.swift in Sources */,
				4456C9B5269D4E8400A29B77 /* MainViewController.swift in Sources */,
				44FDCFBE269E96DA00A7A7FD /* DiffuserDetailViewController.swift in Sources */,
				4456C9B1269D4E8400A29B77 /* AppDelegate.swift in Sources */,
				44FDCFD026A070BB00A7A7FD /* CalendarExtension.swift in Sources */,
				4456C9CA269D534200A29B77 /* ActiveListViewController.swift in Sources */,
				44FDCFCE269FEF7F00A7A7FD /* FileUtil.swift in Sources */,
				4456C9B3269D4E8400A29B77 /* SceneDelegate.swift in Sources */,
				44FDCFD226A1419100A7A7FD /* UIExtension.swift in Sources */,
				44FDCFC2269EA8B300A7A7FD /* ParsePlist.swift in Sources */,
				444EEE0B26B167EF00454428 /* LocalNotification.swift in Sources */,
			);
			runOnlyForDeploymentPostprocessing = 0;
		};
/* End PBXSourcesBuildPhase section */

/* Begin PBXVariantGroup section */
		448784A82B8F6EB70073B2DE /* Main.storyboard */ = {
			isa = PBXVariantGroup;
			children = (
				448784AF2B8F94D60073B2DE /* Base */,
			);
			name = Main.storyboard;
			sourceTree = "<group>";
		};
		448784AB2B8F6EC30073B2DE /* LaunchScreen.storyboard */ = {
			isa = PBXVariantGroup;
			children = (
				448784AE2B8F94D60073B2DE /* Base */,
			);
			name = LaunchScreen.storyboard;
			sourceTree = "<group>";
		};
/* End PBXVariantGroup section */

/* Begin XCBuildConfiguration section */
		4456C9C2269D4E8500A29B77 /* Debug */ = {
			isa = XCBuildConfiguration;
			buildSettings = {
				ALWAYS_SEARCH_USER_PATHS = NO;
				CLANG_ANALYZER_LOCALIZABILITY_NONLOCALIZED = YES;
				CLANG_ANALYZER_NONNULL = YES;
				CLANG_ANALYZER_NUMBER_OBJECT_CONVERSION = YES_AGGRESSIVE;
				CLANG_CXX_LANGUAGE_STANDARD = "gnu++14";
				CLANG_CXX_LIBRARY = "libc++";
				CLANG_ENABLE_MODULES = YES;
				CLANG_ENABLE_OBJC_ARC = YES;
				CLANG_ENABLE_OBJC_WEAK = YES;
				CLANG_WARN_BLOCK_CAPTURE_AUTORELEASING = YES;
				CLANG_WARN_BOOL_CONVERSION = YES;
				CLANG_WARN_COMMA = YES;
				CLANG_WARN_CONSTANT_CONVERSION = YES;
				CLANG_WARN_DEPRECATED_OBJC_IMPLEMENTATIONS = YES;
				CLANG_WARN_DIRECT_OBJC_ISA_USAGE = YES_ERROR;
				CLANG_WARN_DOCUMENTATION_COMMENTS = YES;
				CLANG_WARN_EMPTY_BODY = YES;
				CLANG_WARN_ENUM_CONVERSION = YES;
				CLANG_WARN_INFINITE_RECURSION = YES;
				CLANG_WARN_INT_CONVERSION = YES;
				CLANG_WARN_NON_LITERAL_NULL_CONVERSION = YES;
				CLANG_WARN_OBJC_IMPLICIT_RETAIN_SELF = YES;
				CLANG_WARN_OBJC_LITERAL_CONVERSION = YES;
				CLANG_WARN_OBJC_ROOT_CLASS = YES_ERROR;
				CLANG_WARN_QUOTED_INCLUDE_IN_FRAMEWORK_HEADER = YES;
				CLANG_WARN_RANGE_LOOP_ANALYSIS = YES;
				CLANG_WARN_STRICT_PROTOTYPES = YES;
				CLANG_WARN_SUSPICIOUS_MOVE = YES;
				CLANG_WARN_UNGUARDED_AVAILABILITY = YES_AGGRESSIVE;
				CLANG_WARN_UNREACHABLE_CODE = YES;
				CLANG_WARN__DUPLICATE_METHOD_MATCH = YES;
				COPY_PHASE_STRIP = NO;
				DEBUG_INFORMATION_FORMAT = dwarf;
				ENABLE_STRICT_OBJC_MSGSEND = YES;
				ENABLE_TESTABILITY = YES;
				GCC_C_LANGUAGE_STANDARD = gnu11;
				GCC_DYNAMIC_NO_PIC = NO;
				GCC_NO_COMMON_BLOCKS = YES;
				GCC_OPTIMIZATION_LEVEL = 0;
				GCC_PREPROCESSOR_DEFINITIONS = (
					"DEBUG=1",
					"$(inherited)",
				);
				GCC_WARN_64_TO_32_BIT_CONVERSION = YES;
				GCC_WARN_ABOUT_RETURN_TYPE = YES_ERROR;
				GCC_WARN_UNDECLARED_SELECTOR = YES;
				GCC_WARN_UNINITIALIZED_AUTOS = YES_AGGRESSIVE;
				GCC_WARN_UNUSED_FUNCTION = YES;
				GCC_WARN_UNUSED_VARIABLE = YES;
				IPHONEOS_DEPLOYMENT_TARGET = 14.5;
				MTL_ENABLE_DEBUG_INFO = INCLUDE_SOURCE;
				MTL_FAST_MATH = YES;
				ONLY_ACTIVE_ARCH = YES;
				SDKROOT = iphoneos;
				SWIFT_ACTIVE_COMPILATION_CONDITIONS = DEBUG;
				SWIFT_OPTIMIZATION_LEVEL = "-Onone";
			};
			name = Debug;
		};
		4456C9C3269D4E8500A29B77 /* Release */ = {
			isa = XCBuildConfiguration;
			buildSettings = {
				ALWAYS_SEARCH_USER_PATHS = NO;
				CLANG_ANALYZER_LOCALIZABILITY_NONLOCALIZED = YES;
				CLANG_ANALYZER_NONNULL = YES;
				CLANG_ANALYZER_NUMBER_OBJECT_CONVERSION = YES_AGGRESSIVE;
				CLANG_CXX_LANGUAGE_STANDARD = "gnu++14";
				CLANG_CXX_LIBRARY = "libc++";
				CLANG_ENABLE_MODULES = YES;
				CLANG_ENABLE_OBJC_ARC = YES;
				CLANG_ENABLE_OBJC_WEAK = YES;
				CLANG_WARN_BLOCK_CAPTURE_AUTORELEASING = YES;
				CLANG_WARN_BOOL_CONVERSION = YES;
				CLANG_WARN_COMMA = YES;
				CLANG_WARN_CONSTANT_CONVERSION = YES;
				CLANG_WARN_DEPRECATED_OBJC_IMPLEMENTATIONS = YES;
				CLANG_WARN_DIRECT_OBJC_ISA_USAGE = YES_ERROR;
				CLANG_WARN_DOCUMENTATION_COMMENTS = YES;
				CLANG_WARN_EMPTY_BODY = YES;
				CLANG_WARN_ENUM_CONVERSION = YES;
				CLANG_WARN_INFINITE_RECURSION = YES;
				CLANG_WARN_INT_CONVERSION = YES;
				CLANG_WARN_NON_LITERAL_NULL_CONVERSION = YES;
				CLANG_WARN_OBJC_IMPLICIT_RETAIN_SELF = YES;
				CLANG_WARN_OBJC_LITERAL_CONVERSION = YES;
				CLANG_WARN_OBJC_ROOT_CLASS = YES_ERROR;
				CLANG_WARN_QUOTED_INCLUDE_IN_FRAMEWORK_HEADER = YES;
				CLANG_WARN_RANGE_LOOP_ANALYSIS = YES;
				CLANG_WARN_STRICT_PROTOTYPES = YES;
				CLANG_WARN_SUSPICIOUS_MOVE = YES;
				CLANG_WARN_UNGUARDED_AVAILABILITY = YES_AGGRESSIVE;
				CLANG_WARN_UNREACHABLE_CODE = YES;
				CLANG_WARN__DUPLICATE_METHOD_MATCH = YES;
				COPY_PHASE_STRIP = NO;
				DEBUG_INFORMATION_FORMAT = "dwarf-with-dsym";
				ENABLE_NS_ASSERTIONS = NO;
				ENABLE_STRICT_OBJC_MSGSEND = YES;
				GCC_C_LANGUAGE_STANDARD = gnu11;
				GCC_NO_COMMON_BLOCKS = YES;
				GCC_WARN_64_TO_32_BIT_CONVERSION = YES;
				GCC_WARN_ABOUT_RETURN_TYPE = YES_ERROR;
				GCC_WARN_UNDECLARED_SELECTOR = YES;
				GCC_WARN_UNINITIALIZED_AUTOS = YES_AGGRESSIVE;
				GCC_WARN_UNUSED_FUNCTION = YES;
				GCC_WARN_UNUSED_VARIABLE = YES;
				IPHONEOS_DEPLOYMENT_TARGET = 14.5;
				MTL_ENABLE_DEBUG_INFO = NO;
				MTL_FAST_MATH = YES;
				SDKROOT = iphoneos;
				SWIFT_COMPILATION_MODE = wholemodule;
				SWIFT_OPTIMIZATION_LEVEL = "-O";
				VALIDATE_PRODUCT = YES;
			};
			name = Release;
		};
		4456C9C5269D4E8500A29B77 /* Debug */ = {
			isa = XCBuildConfiguration;
			buildSettings = {
				ASSETCATALOG_COMPILER_APPICON_NAME = AppIcon;
				ASSETCATALOG_COMPILER_GLOBAL_ACCENT_COLOR_NAME = AccentColor;
				CODE_SIGN_IDENTITY = "Apple Development";
				CODE_SIGN_STYLE = Automatic;
				CURRENT_PROJECT_VERSION = 1;
				DEVELOPMENT_TEAM = 6S2SA26VAN;
				INFOPLIST_FILE = DiffuserStick/Info.plist;
				IPHONEOS_DEPLOYMENT_TARGET = 12.1;
				LD_RUNPATH_SEARCH_PATHS = (
					"$(inherited)",
					"@executable_path/Frameworks",
				);
				MARKETING_VERSION = 1.3.0;
				PRODUCT_BUNDLE_IDENTIFIER = com.yoonbumtae.DiffuserStick;
				PRODUCT_NAME = "$(TARGET_NAME)";
				PROVISIONING_PROFILE_SPECIFIER = "";
				SWIFT_VERSION = 5.0;
				TARGETED_DEVICE_FAMILY = 1;
			};
			name = Debug;
		};
		4456C9C6269D4E8500A29B77 /* Release */ = {
			isa = XCBuildConfiguration;
			buildSettings = {
				ASSETCATALOG_COMPILER_APPICON_NAME = AppIcon;
				ASSETCATALOG_COMPILER_GLOBAL_ACCENT_COLOR_NAME = AccentColor;
				CODE_SIGN_IDENTITY = "Apple Development";
				CODE_SIGN_STYLE = Automatic;
				CURRENT_PROJECT_VERSION = 1;
				DEVELOPMENT_TEAM = 6S2SA26VAN;
				INFOPLIST_FILE = DiffuserStick/Info.plist;
				IPHONEOS_DEPLOYMENT_TARGET = 12.1;
				LD_RUNPATH_SEARCH_PATHS = (
					"$(inherited)",
					"@executable_path/Frameworks",
				);
				MARKETING_VERSION = 1.3.0;
				PRODUCT_BUNDLE_IDENTIFIER = com.yoonbumtae.DiffuserStick;
				PRODUCT_NAME = "$(TARGET_NAME)";
				PROVISIONING_PROFILE_SPECIFIER = "";
				SWIFT_VERSION = 5.0;
				TARGETED_DEVICE_FAMILY = 1;
			};
			name = Release;
		};
/* End XCBuildConfiguration section */

/* Begin XCConfigurationList section */
		4456C9A8269D4E8400A29B77 /* Build configuration list for PBXProject "DiffuserStick" */ = {
			isa = XCConfigurationList;
			buildConfigurations = (
				4456C9C2269D4E8500A29B77 /* Debug */,
				4456C9C3269D4E8500A29B77 /* Release */,
			);
			defaultConfigurationIsVisible = 0;
			defaultConfigurationName = Release;
		};
		4456C9C4269D4E8500A29B77 /* Build configuration list for PBXNativeTarget "DiffuserStick" */ = {
			isa = XCConfigurationList;
			buildConfigurations = (
				4456C9C5269D4E8500A29B77 /* Debug */,
				4456C9C6269D4E8500A29B77 /* Release */,
			);
			defaultConfigurationIsVisible = 0;
			defaultConfigurationName = Release;
		};
/* End XCConfigurationList section */

/* Begin XCRemoteSwiftPackageReference section */
		44BD7D052B8F639E00818570 /* XCRemoteSwiftPackageReference "swift-package-manager-google-mobile-ads" */ = {
			isa = XCRemoteSwiftPackageReference;
			repositoryURL = "https://github.com/googleads/swift-package-manager-google-mobile-ads.git";
			requirement = {
				kind = upToNextMajorVersion;
				minimumVersion = 11.0.1;
			};
		};
/* End XCRemoteSwiftPackageReference section */

/* Begin XCSwiftPackageProductDependency section */
		44BD7D062B8F639E00818570 /* GoogleMobileAds */ = {
			isa = XCSwiftPackageProductDependency;
			package = 44BD7D052B8F639E00818570 /* XCRemoteSwiftPackageReference "swift-package-manager-google-mobile-ads" */;
			productName = GoogleMobileAds;
		};
/* End XCSwiftPackageProductDependency section */

/* Begin XCVersionGroup section */
		4456C9B9269D4E8400A29B77 /* DiffuserStick.xcdatamodeld */ = {
			isa = XCVersionGroup;
			children = (
				4456C9BA269D4E8400A29B77 /* DiffuserStick.xcdatamodel */,
			);
			currentVersion = 4456C9BA269D4E8400A29B77 /* DiffuserStick.xcdatamodel */;
			path = DiffuserStick.xcdatamodeld;
			sourceTree = "<group>";
			versionGroupType = wrapper.xcdatamodel;
		};
/* End XCVersionGroup section */
	};
	rootObject = 4456C9A5269D4E8400A29B77 /* Project object */;
}
